// !$*UTF8*$!
{
	archiveVersion = 1;
	classes = {
	};
	objectVersion = 77;
	objects = {

/* Begin PBXBuildFile section */
		2EB67B892F457C90009FCBFC /* Assets.xcassets in Resources */ = {isa = PBXBuildFile; fileRef = 2EB67B802F457C90009FCBFC /* Assets.xcassets */; };
		2EB67B8B2F457C90009FCBFC /* LaunchScreen.storyboard in Resources */ = {isa = PBXBuildFile; fileRef = 2EB67B832F457C90009FCBFC /* LaunchScreen.storyboard */; };
		2EB67B8C2F457C90009FCBFC /* Main.storyboard in Resources */ = {isa = PBXBuildFile; fileRef = 2EB67B852F457C90009FCBFC /* Main.storyboard */; };
		2EB67B8D2F457C90009FCBFC /* AppDelegate.swift in Sources */ = {isa = PBXBuildFile; fileRef = 2EB67B7F2F457C90009FCBFC /* AppDelegate.swift */; };
		2EB67B8E2F457C90009FCBFC /* SceneDelegate.swift in Sources */ = {isa = PBXBuildFile; fileRef = 2EB67B862F457C90009FCBFC /* SceneDelegate.swift */; };
		2EB67B8F2F457C90009FCBFC /* ViewController.swift in Sources */ = {isa = PBXBuildFile; fileRef = 2EB67B872F457C90009FCBFC /* ViewController.swift */; };
		2EB67B952F457D25009FCBFC /* CustomPageViewController.swift in Sources */ = {isa = PBXBuildFile; fileRef = 2EB67B942F457D25009FCBFC /* CustomPageViewController.swift */; };
		2EB67B982F457F3E009FCBFC /* DataViewController.swift in Sources */ = {isa = PBXBuildFile; fileRef = 2EB67B972F457F3E009FCBFC /* DataViewController.swift */; };
/* End PBXBuildFile section */

/* Begin PBXFileReference section */
		2EB67B7F2F457C90009FCBFC /* AppDelegate.swift */ = {isa = PBXFileReference; lastKnownFileType = sourcecode.swift; path = AppDelegate.swift; sourceTree = "<group>"; };
		2EB67B802F457C90009FCBFC /* Assets.xcassets */ = {isa = PBXFileReference; lastKnownFileType = folder.assetcatalog; path = Assets.xcassets; sourceTree = "<group>"; };
		2EB67B812F457C90009FCBFC /* Info.plist */ = {isa = PBXFileReference; lastKnownFileType = text.plist.xml; path = Info.plist; sourceTree = "<group>"; };
		2EB67B822F457C90009FCBFC /* Base */ = {isa = PBXFileReference; lastKnownFileType = file.storyboard; name = Base; path = Base.lproj/LaunchScreen.storyboard; sourceTree = "<group>"; };
		2EB67B842F457C90009FCBFC /* Base */ = {isa = PBXFileReference; lastKnownFileType = file.storyboard; name = Base; path = Base.lproj/Main.storyboard; sourceTree = "<group>"; };
		2EB67B862F457C90009FCBFC /* SceneDelegate.swift */ = {isa = PBXFileReference; lastKnownFileType = sourcecode.swift; path = SceneDelegate.swift; sourceTree = "<group>"; };
		2EB67B872F457C90009FCBFC /* ViewController.swift */ = {isa = PBXFileReference; lastKnownFileType = sourcecode.swift; path = ViewController.swift; sourceTree = "<group>"; };
		2EB67B942F457D25009FCBFC /* CustomPageViewController.swift */ = {isa = PBXFileReference; lastKnownFileType = sourcecode.swift; path = CustomPageViewController.swift; sourceTree = "<group>"; };
		2EB67B962F457EFE009FCBFC /* PageViewController_Practice.app */ = {isa = PBXFileReference; explicitFileType = wrapper.application; includeInIndex = 0; path = PageViewController_Practice.app; sourceTree = BUILT_PRODUCTS_DIR; };
		2EB67B972F457F3E009FCBFC /* DataViewController.swift */ = {isa = PBXFileReference; lastKnownFileType = sourcecode.swift; path = DataViewController.swift; sourceTree = "<group>"; };
/* End PBXFileReference section */

/* Begin PBXFrameworksBuildPhase section */
		2EB67B642F457709009FCBFC /* Frameworks */ = {
			isa = PBXFrameworksBuildPhase;
			buildActionMask = 2147483647;
			files = (
			);
			runOnlyForDeploymentPostprocessing = 0;
		};
/* End PBXFrameworksBuildPhase section */

/* Begin PBXGroup section */
		2EB67B5E2F457709009FCBFC = {
			isa = PBXGroup;
			children = (
				2EB67B882F457C90009FCBFC /* PageViewController_Practice */,
				2EB67B962F457EFE009FCBFC /* PageViewController_Practice.app */,
			);
			sourceTree = "<group>";
		};
		2EB67B882F457C90009FCBFC /* PageViewController_Practice */ = {
			isa = PBXGroup;
			children = (
				2EB67B922F457CB5009FCBFC /* Storyboards */,
				2EB67B912F457CA1009FCBFC /* ViewControllers */,
				2EB67B902F457C92009FCBFC /* AppDelegate */,
				2EB67B812F457C90009FCBFC /* Info.plist */,
				2EB67B932F457CCA009FCBFC /* Assets */,
			);
			path = PageViewController_Practice;
			sourceTree = "<group>";
		};
		2EB67B902F457C92009FCBFC /* AppDelegate */ = {
			isa = PBXGroup;
			children = (
				2EB67B862F457C90009FCBFC /* SceneDelegate.swift */,
				2EB67B7F2F457C90009FCBFC /* AppDelegate.swift */,
			);
			path = AppDelegate;
			sourceTree = "<group>";
		};
		2EB67B912F457CA1009FCBFC /* ViewControllers */ = {
			isa = PBXGroup;
			children = (
				2EB67B872F457C90009FCBFC /* ViewController.swift */,
				2EB67B942F457D25009FCBFC /* CustomPageViewController.swift */,
				2EB67B972F457F3E009FCBFC /* DataViewController.swift */,
			);
			path = ViewControllers;
			sourceTree = "<group>";
		};
		2EB67B922F457CB5009FCBFC /* Storyboards */ = {
			isa = PBXGroup;
			children = (
				2EB67B832F457C90009FCBFC /* LaunchScreen.storyboard */,
				2EB67B852F457C90009FCBFC /* Main.storyboard */,
			);
			path = Storyboards;
			sourceTree = "<group>";
		};
		2EB67B932F457CCA009FCBFC /* Assets */ = {
			isa = PBXGroup;
			children = (
				2EB67B802F457C90009FCBFC /* Assets.xcassets */,
			);
			path = Assets;
			sourceTree = "<group>";
		};
/* End PBXGroup section */

/* Begin PBXNativeTarget section */
		2EB67B662F457709009FCBFC /* PageViewController_Practice */ = {
			isa = PBXNativeTarget;
			buildConfigurationList = 2EB67B7A2F45770A009FCBFC /* Build configuration list for PBXNativeTarget "PageViewController_Practice" */;
			buildPhases = (
				2EB67B632F457709009FCBFC /* Sources */,
				2EB67B642F457709009FCBFC /* Frameworks */,
				2EB67B652F457709009FCBFC /* Resources */,
			);
			buildRules = (
			);
			dependencies = (
			);
			name = PageViewController_Practice;
			packageProductDependencies = (
			);
			productName = PageViewController_Practice;
			productReference = 2EB67B962F457EFE009FCBFC /* PageViewController_Practice.app */;
			productType = "com.apple.product-type.application";
		};
/* End PBXNativeTarget section */

/* Begin PBXProject section */
		2EB67B5F2F457709009FCBFC /* Project object */ = {
			isa = PBXProject;
			attributes = {
				BuildIndependentTargetsInParallel = 1;
				LastSwiftUpdateCheck = 1620;
				LastUpgradeCheck = 1620;
				TargetAttributes = {
					2EB67B662F457709009FCBFC = {
						CreatedOnToolsVersion = 16.2;
					};
				};
			};
			buildConfigurationList = 2EB67B622F457709009FCBFC /* Build configuration list for PBXProject "PageViewController_Practice" */;
			developmentRegion = en;
			hasScannedForEncodings = 0;
			knownRegions = (
				en,
				Base,
			);
			mainGroup = 2EB67B5E2F457709009FCBFC;
			minimizedProjectReferenceProxies = 1;
			preferredProjectObjectVersion = 77;
			productRefGroup = 2EB67B5E2F457709009FCBFC;
			projectDirPath = "";
			projectRoot = "";
			targets = (
				2EB67B662F457709009FCBFC /* PageViewController_Practice */,
			);
		};
/* End PBXProject section */

/* Begin PBXResourcesBuildPhase section */
		2EB67B652F457709009FCBFC /* Resources */ = {
			isa = PBXResourcesBuildPhase;
			buildActionMask = 2147483647;
			files = (
				2EB67B892F457C90009FCBFC /* Assets.xcassets in Resources */,
				2EB67B8B2F457C90009FCBFC /* LaunchScreen.storyboard in Resources */,
				2EB67B8C2F457C90009FCBFC /* Main.storyboard in Resources */,
			);
			runOnlyForDeploymentPostprocessing = 0;
		};
/* End PBXResourcesBuildPhase section */

/* Begin PBXSourcesBuildPhase section */
		2EB67B632F457709009FCBFC /* Sources */ = {
			isa = PBXSourcesBuildPhase;
			buildActionMask = 2147483647;
			files = (
				2EB67B952F457D25009FCBFC /* CustomPageViewController.swift in Sources */,
				2EB67B8D2F457C90009FCBFC /* AppDelegate.swift in Sources */,
				2EB67B982F457F3E009FCBFC /* DataViewController.swift in Sources */,
				2EB67B8E2F457C90009FCBFC /* SceneDelegate.swift in Sources */,
				2EB67B8F2F457C90009FCBFC /* ViewController.swift in Sources */,
			);
			runOnlyForDeploymentPostprocessing = 0;
		};
/* End PBXSourcesBuildPhase section */

/* Begin PBXVariantGroup section */
		2EB67B832F457C90009FCBFC /* LaunchScreen.storyboard */ = {
			isa = PBXVariantGroup;
			children = (
				2EB67B822F457C90009FCBFC /* Base */,
			);
			name = LaunchScreen.storyboard;
			sourceTree = "<group>";
		};
		2EB67B852F457C90009FCBFC /* Main.storyboard */ = {
			isa = PBXVariantGroup;
			children = (
				2EB67B842F457C90009FCBFC /* Base */,
			);
			name = Main.storyboard;
			sourceTree = "<group>";
		};
/* End PBXVariantGroup section */

/* Begin XCBuildConfiguration section */
		2EB67B7B2F45770A009FCBFC /* Debug */ = {
			isa = XCBuildConfiguration;
			buildSettings = {
				ASSETCATALOG_COMPILER_APPICON_NAME = AppIcon;
				ASSETCATALOG_COMPILER_GLOBAL_ACCENT_COLOR_NAME = AccentColor;
				CODE_SIGN_STYLE = Automatic;
				CURRENT_PROJECT_VERSION = 1;
				GENERATE_INFOPLIST_FILE = YES;
				INFOPLIST_FILE = PageViewController_Practice/Info.plist;
				INFOPLIST_KEY_UIApplicationSupportsIndirectInputEvents = YES;
				INFOPLIST_KEY_UILaunchStoryboardName = LaunchScreen;
				INFOPLIST_KEY_UIMainStoryboardFile = Main;
				INFOPLIST_KEY_UISupportedInterfaceOrientations_iPad = "UIInterfaceOrientationPortrait UIInterfaceOrientationPortraitUpsideDown UIInterfaceOrientationLandscapeLeft UIInterfaceOrientationLandscapeRight";
				INFOPLIST_KEY_UISupportedInterfaceOrientations_iPhone = "UIInterfaceOrientationPortrait UIInterfaceOrientationLandscapeLeft UIInterfaceOrientationLandscapeRight";
				LD_RUNPATH_SEARCH_PATHS = (
					"$(inherited)",
					"@executable_path/Frameworks",
				);
				MARKETING_VERSION = 1.0;
				PRODUCT_BUNDLE_IDENTIFIER = "OB.PageViewController-Practice";
				PRODUCT_NAME = "$(TARGET_NAME)";
				SWIFT_EMIT_LOC_STRINGS = YES;
				SWIFT_VERSION = 5.0;
				TARGETED_DEVICE_FAMILY = "1,2";
			};
			name = Debug;
		};
		2EB67B7C2F45770A009FCBFC /* Release */ = {
			isa = XCBuildConfiguration;
			buildSettings = {
				ASSETCATALOG_COMPILER_APPICON_NAME = AppIcon;
				ASSETCATALOG_COMPILER_GLOBAL_ACCENT_COLOR_NAME = AccentColor;
				CODE_SIGN_STYLE = Automatic;
				CURRENT_PROJECT_VERSION = 1;
				GENERATE_INFOPLIST_FILE = YES;
				INFOPLIST_FILE = PageViewController_Practice/Info.plist;
				INFOPLIST_KEY_UIApplicationSupportsIndirectInputEvents = YES;
				INFOPLIST_KEY_UILaunchStoryboardName = LaunchScreen;
				INFOPLIST_KEY_UIMainStoryboardFile = Main;
				INFOPLIST_KEY_UISupportedInterfaceOrientations_iPad = "UIInterfaceOrientationPortrait UIInterfaceOrientationPortraitUpsideDown UIInterfaceOrientationLandscapeLeft UIInterfaceOrientationLandscapeRight";
				INFOPLIST_KEY_UISupportedInterfaceOrientations_iPhone = "UIInterfaceOrientationPortrait UIInterfaceOrientationLandscapeLeft UIInterfaceOrientationLandscapeRight";
				LD_RUNPATH_SEARCH_PATHS = (
					"$(inherited)",
					"@executable_path/Frameworks",
				);
				MARKETING_VERSION = 1.0;
				PRODUCT_BUNDLE_IDENTIFIER = "OB.PageViewController-Practice";
				PRODUCT_NAME = "$(TARGET_NAME)";
				SWIFT_EMIT_LOC_STRINGS = YES;
				SWIFT_VERSION = 5.0;
				TARGETED_DEVICE_FAMILY = "1,2";
			};
			name = Release;
		};
		2EB67B7D2F45770A009FCBFC /* Debug */ = {
			isa = XCBuildConfiguration;
			buildSettings = {
				ALWAYS_SEARCH_USER_PATHS = NO;
				ASSETCATALOG_COMPILER_GENERATE_SWIFT_ASSET_SYMBOL_EXTENSIONS = YES;
				CLANG_ANALYZER_NONNULL = YES;
				CLANG_ANALYZER_NUMBER_OBJECT_CONVERSION = YES_AGGRESSIVE;
				CLANG_CXX_LANGUAGE_STANDARD = "gnu++20";
				CLANG_ENABLE_MODULES = YES;
				CLANG_ENABLE_OBJC_ARC = YES;
				CLANG_ENABLE_OBJC_WEAK = YES;
				CLANG_WARN_BLOCK_CAPTURE_AUTORELEASING = YES;
				CLANG_WARN_BOOL_CONVERSION = YES;
				CLANG_WARN_COMMA = YES;
				CLANG_WARN_CONSTANT_CONVERSION = YES;
				CLANG_WARN_DEPRECATED_OBJC_IMPLEMENTATIONS = YES;
				CLANG_WARN_DIRECT_OBJC_ISA_USAGE = YES_ERROR;
				CLANG_WARN_DOCUMENTATION_COMMENTS = YES;
				CLANG_WARN_EMPTY_BODY = YES;
				CLANG_WARN_ENUM_CONVERSION = YES;
				CLANG_WARN_INFINITE_RECURSION = YES;
				CLANG_WARN_INT_CONVERSION = YES;
				CLANG_WARN_NON_LITERAL_NULL_CONVERSION = YES;
				CLANG_WARN_OBJC_IMPLICIT_RETAIN_SELF = YES;
				CLANG_WARN_OBJC_LITERAL_CONVERSION = YES;
				CLANG_WARN_OBJC_ROOT_CLASS = YES_ERROR;
				CLANG_WARN_QUOTED_INCLUDE_IN_FRAMEWORK_HEADER = YES;
				CLANG_WARN_RANGE_LOOP_ANALYSIS = YES;
				CLANG_WARN_STRICT_PROTOTYPES = YES;
				CLANG_WARN_SUSPICIOUS_MOVE = YES;
				CLANG_WARN_UNGUARDED_AVAILABILITY = YES_AGGRESSIVE;
				CLANG_WARN_UNREACHABLE_CODE = YES;
				CLANG_WARN__DUPLICATE_METHOD_MATCH = YES;
				COPY_PHASE_STRIP = NO;
				DEBUG_INFORMATION_FORMAT = dwarf;
				ENABLE_STRICT_OBJC_MSGSEND = YES;
				ENABLE_TESTABILITY = YES;
				ENABLE_USER_SCRIPT_SANDBOXING = YES;
				GCC_C_LANGUAGE_STANDARD = gnu17;
				GCC_DYNAMIC_NO_PIC = NO;
				GCC_NO_COMMON_BLOCKS = YES;
				GCC_OPTIMIZATION_LEVEL = 0;
				GCC_PREPROCESSOR_DEFINITIONS = (
					"DEBUG=1",
					"$(inherited)",
				);
				GCC_WARN_64_TO_32_BIT_CONVERSION = YES;
				GCC_WARN_ABOUT_RETURN_TYPE = YES_ERROR;
				GCC_WARN_UNDECLARED_SELECTOR = YES;
				GCC_WARN_UNINITIALIZED_AUTOS = YES_AGGRESSIVE;
				GCC_WARN_UNUSED_FUNCTION = YES;
				GCC_WARN_UNUSED_VARIABLE = YES;
				IPHONEOS_DEPLOYMENT_TARGET = 18.2;
				LOCALIZATION_PREFERS_STRING_CATALOGS = YES;
				MTL_ENABLE_DEBUG_INFO = INCLUDE_SOURCE;
				MTL_FAST_MATH = YES;
				ONLY_ACTIVE_ARCH = YES;
				SDKROOT = iphoneos;
				SWIFT_ACTIVE_COMPILATION_CONDITIONS = "DEBUG $(inherited)";
				SWIFT_OPTIMIZATION_LEVEL = "-Onone";
			};
			name = Debug;
		};
		2EB67B7E2F45770A009FCBFC /* Release */ = {
			isa = XCBuildConfiguration;
			buildSettings = {
				ALWAYS_SEARCH_USER_PATHS = NO;
				ASSETCATALOG_COMPILER_GENERATE_SWIFT_ASSET_SYMBOL_EXTENSIONS = YES;
				CLANG_ANALYZER_NONNULL = YES;
				CLANG_ANALYZER_NUMBER_OBJECT_CONVERSION = YES_AGGRESSIVE;
				CLANG_CXX_LANGUAGE_STANDARD = "gnu++20";
				CLANG_ENABLE_MODULES = YES;
				CLANG_ENABLE_OBJC_ARC = YES;
				CLANG_ENABLE_OBJC_WEAK = YES;
				CLANG_WARN_BLOCK_CAPTURE_AUTORELEASING = YES;
				CLANG_WARN_BOOL_CONVERSION = YES;
				CLANG_WARN_COMMA = YES;
				CLANG_WARN_CONSTANT_CONVERSION = YES;
				CLANG_WARN_DEPRECATED_OBJC_IMPLEMENTATIONS = YES;
				CLANG_WARN_DIRECT_OBJC_ISA_USAGE = YES_ERROR;
				CLANG_WARN_DOCUMENTATION_COMMENTS = YES;
				CLANG_WARN_EMPTY_BODY = YES;
				CLANG_WARN_ENUM_CONVERSION = YES;
				CLANG_WARN_INFINITE_RECURSION = YES;
				CLANG_WARN_INT_CONVERSION = YES;
				CLANG_WARN_NON_LITERAL_NULL_CONVERSION = YES;
				CLANG_WARN_OBJC_IMPLICIT_RETAIN_SELF = YES;
				CLANG_WARN_OBJC_LITERAL_CONVERSION = YES;
				CLANG_WARN_OBJC_ROOT_CLASS = YES_ERROR;
				CLANG_WARN_QUOTED_INCLUDE_IN_FRAMEWORK_HEADER = YES;
				CLANG_WARN_RANGE_LOOP_ANALYSIS = YES;
				CLANG_WARN_STRICT_PROTOTYPES = YES;
				CLANG_WARN_SUSPICIOUS_MOVE = YES;
				CLANG_WARN_UNGUARDED_AVAILABILITY = YES_AGGRESSIVE;
				CLANG_WARN_UNREACHABLE_CODE = YES;
				CLANG_WARN__DUPLICATE_METHOD_MATCH = YES;
				COPY_PHASE_STRIP = NO;
				DEBUG_INFORMATION_FORMAT = "dwarf-with-dsym";
				ENABLE_NS_ASSERTIONS = NO;
				ENABLE_STRICT_OBJC_MSGSEND = YES;
				ENABLE_USER_SCRIPT_SANDBOXING = YES;
				GCC_C_LANGUAGE_STANDARD = gnu17;
				GCC_NO_COMMON_BLOCKS = YES;
				GCC_WARN_64_TO_32_BIT_CONVERSION = YES;
				GCC_WARN_ABOUT_RETURN_TYPE = YES_ERROR;
				GCC_WARN_UNDECLARED_SELECTOR = YES;
				GCC_WARN_UNINITIALIZED_AUTOS = YES_AGGRESSIVE;
				GCC_WARN_UNUSED_FUNCTION = YES;
				GCC_WARN_UNUSED_VARIABLE = YES;
				IPHONEOS_DEPLOYMENT_TARGET = 18.2;
				LOCALIZATION_PREFERS_STRING_CATALOGS = YES;
				MTL_ENABLE_DEBUG_INFO = NO;
				MTL_FAST_MATH = YES;
				SDKROOT = iphoneos;
				SWIFT_COMPILATION_MODE = wholemodule;
				VALIDATE_PRODUCT = YES;
			};
			name = Release;
		};
/* End XCBuildConfiguration section */

/* Begin XCConfigurationList section */
		2EB67B622F457709009FCBFC /* Build configuration list for PBXProject "PageViewController_Practice" */ = {
			isa = XCConfigurationList;
			buildConfigurations = (
				2EB67B7D2F45770A009FCBFC /* Debug */,
				2EB67B7E2F45770A009FCBFC /* Release */,
			);
			defaultConfigurationIsVisible = 0;
			defaultConfigurationName = Release;
		};
		2EB67B7A2F45770A009FCBFC /* Build configuration list for PBXNativeTarget "PageViewController_Practice" */ = {
			isa = XCConfigurationList;
			buildConfigurations = (
				2EB67B7B2F45770A009FCBFC /* Debug */,
				2EB67B7C2F45770A009FCBFC /* Release */,
			);
			defaultConfigurationIsVisible = 0;
			defaultConfigurationName = Release;
		};
/* End XCConfigurationList section */
	};
	rootObject = 2EB67B5F2F457709009FCBFC /* Project object */;
}
