// !$*UTF8*$!
{
	archiveVersion = 1;
	classes = {
	};
	objectVersion = 77;
	objects = {

/* Begin PBXBuildFile section */
		2EC8CDA12F5A99B700302CAF /* AppDelegate.swift in Sources */ = {isa = PBXBuildFile; fileRef = 2EC8CD962F5A99B700302CAF /* AppDelegate.swift */; };
		2EC8CDA22F5A99B700302CAF /* DesignViewController.swift in Sources */ = {isa = PBXBuildFile; fileRef = 2EC8CD982F5A99B700302CAF /* DesignViewController.swift */; };
		2EC8CDA32F5A99B700302CAF /* SceneDelegate.swift in Sources */ = {isa = PBXBuildFile; fileRef = 2EC8CD9E2F5A99B700302CAF /* SceneDelegate.swift */; };
		2EC8CDA42F5A99B700302CAF /* ViewController.swift in Sources */ = {isa = PBXBuildFile; fileRef = 2EC8CD9F2F5A99B700302CAF /* ViewController.swift */; };
		2EC8CDA52F5A99B700302CAF /* Assets.xcassets in Resources */ = {isa = PBXBuildFile; fileRef = 2EC8CD972F5A99B700302CAF /* Assets.xcassets */; };
		2EC8CDA72F5A99B700302CAF /* LaunchScreen.storyboard in Resources */ = {isa = PBXBuildFile; fileRef = 2EC8CD9B2F5A99B700302CAF /* LaunchScreen.storyboard */; };
		2EC8CDA82F5A99B700302CAF /* Main.storyboard in Resources */ = {isa = PBXBuildFile; fileRef = 2EC8CD9D2F5A99B700302CAF /* Main.storyboard */; };
		2EC8CDAD2F5A9A6400302CAF /* CustomView.xib in Resources */ = {isa = PBXBuildFile; fileRef = 2EC8CDAC2F5A9A6400302CAF /* CustomView.xib */; };
		2EC8CDB02F5A9CF300302CAF /* xyz.ttf in Resources */ = {isa = PBXBuildFile; fileRef = 2EC8CDAF2F5A9CF300302CAF /* xyz.ttf */; };
		2EC8CDB22F5A9FBE00302CAF /* CustomView.swift in Sources */ = {isa = PBXBuildFile; fileRef = 2EC8CDB12F5A9FBE00302CAF /* CustomView.swift */; };
/* End PBXBuildFile section */

/* Begin PBXFileReference section */
		2EC8CD962F5A99B700302CAF /* AppDelegate.swift */ = {isa = PBXFileReference; lastKnownFileType = sourcecode.swift; path = AppDelegate.swift; sourceTree = "<group>"; };
		2EC8CD972F5A99B700302CAF /* Assets.xcassets */ = {isa = PBXFileReference; lastKnownFileType = folder.assetcatalog; path = Assets.xcassets; sourceTree = "<group>"; };
		2EC8CD982F5A99B700302CAF /* DesignViewController.swift */ = {isa = PBXFileReference; lastKnownFileType = sourcecode.swift; path = DesignViewController.swift; sourceTree = "<group>"; };
		2EC8CD992F5A99B700302CAF /* Info.plist */ = {isa = PBXFileReference; lastKnownFileType = text.plist.xml; path = Info.plist; sourceTree = "<group>"; };
		2EC8CD9A2F5A99B700302CAF /* Base */ = {isa = PBXFileReference; lastKnownFileType = file.storyboard; name = Base; path = Base.lproj/LaunchScreen.storyboard; sourceTree = "<group>"; };
		2EC8CD9C2F5A99B700302CAF /* Base */ = {isa = PBXFileReference; lastKnownFileType = file.storyboard; name = Base; path = Base.lproj/Main.storyboard; sourceTree = "<group>"; };
		2EC8CD9E2F5A99B700302CAF /* SceneDelegate.swift */ = {isa = PBXFileReference; lastKnownFileType = sourcecode.swift; path = SceneDelegate.swift; sourceTree = "<group>"; };
		2EC8CD9F2F5A99B700302CAF /* ViewController.swift */ = {isa = PBXFileReference; lastKnownFileType = sourcecode.swift; path = ViewController.swift; sourceTree = "<group>"; };
		2EC8CDAC2F5A9A6400302CAF /* CustomView.xib */ = {isa = PBXFileReference; lastKnownFileType = file.xib; path = CustomView.xib; sourceTree = "<group>"; };
		2EC8CDAF2F5A9CF300302CAF /* xyz.ttf */ = {isa = PBXFileReference; lastKnownFileType = file; path = xyz.ttf; sourceTree = "<group>"; };
		2EC8CDB12F5A9FBE00302CAF /* CustomView.swift */ = {isa = PBXFileReference; lastKnownFileType = sourcecode.swift; path = CustomView.swift; sourceTree = "<group>"; };
		2EE9CF032F2C80A70066A888 /* AutoLayout_practice.app */ = {isa = PBXFileReference; explicitFileType = wrapper.application; includeInIndex = 0; path = AutoLayout_practice.app; sourceTree = BUILT_PRODUCTS_DIR; };
/* End PBXFileReference section */

/* Begin PBXFrameworksBuildPhase section */
		2EE9CF002F2C80A70066A888 /* Frameworks */ = {
			isa = PBXFrameworksBuildPhase;
			buildActionMask = 2147483647;
			files = (
			);
			runOnlyForDeploymentPostprocessing = 0;
		};
/* End PBXFrameworksBuildPhase section */

/* Begin PBXGroup section */
		2EC8CDA02F5A99B700302CAF /* AutoLayout_practice */ = {
			isa = PBXGroup;
			children = (
				2EC8CDAE2F5A9CE800302CAF /* Fonts */,
				2EC8CDAB2F5A99E100302CAF /* CustomXib */,
				2EC8CDAA2F5A99CD00302CAF /* ViewController */,
				2EC8CDA92F5A99BB00302CAF /* AppDelegate */,
				2EC8CD972F5A99B700302CAF /* Assets.xcassets */,
				2EC8CD992F5A99B700302CAF /* Info.plist */,
				2EC8CD9B2F5A99B700302CAF /* LaunchScreen.storyboard */,
				2EC8CD9D2F5A99B700302CAF /* Main.storyboard */,
			);
			path = AutoLayout_practice;
			sourceTree = "<group>";
		};
		2EC8CDA92F5A99BB00302CAF /* AppDelegate */ = {
			isa = PBXGroup;
			children = (
				2EC8CD962F5A99B700302CAF /* AppDelegate.swift */,
				2EC8CD9E2F5A99B700302CAF /* SceneDelegate.swift */,
			);
			path = AppDelegate;
			sourceTree = "<group>";
		};
		2EC8CDAA2F5A99CD00302CAF /* ViewController */ = {
			isa = PBXGroup;
			children = (
				2EC8CD9F2F5A99B700302CAF /* ViewController.swift */,
				2EC8CD982F5A99B700302CAF /* DesignViewController.swift */,
			);
			path = ViewController;
			sourceTree = "<group>";
		};
		2EC8CDAB2F5A99E100302CAF /* CustomXib */ = {
			isa = PBXGroup;
			children = (
				2EC8CDAC2F5A9A6400302CAF /* CustomView.xib */,
				2EC8CDB12F5A9FBE00302CAF /* CustomView.swift */,
			);
			path = CustomXib;
			sourceTree = "<group>";
		};
		2EC8CDAE2F5A9CE800302CAF /* Fonts */ = {
			isa = PBXGroup;
			children = (
				2EC8CDAF2F5A9CF300302CAF /* xyz.ttf */,
			);
			path = Fonts;
			sourceTree = "<group>";
		};
		2EE9CEFA2F2C80A70066A888 = {
			isa = PBXGroup;
			children = (
				2EC8CDA02F5A99B700302CAF /* AutoLayout_practice */,
				2EE9CF042F2C80A70066A888 /* Products */,
			);
			sourceTree = "<group>";
		};
		2EE9CF042F2C80A70066A888 /* Products */ = {
			isa = PBXGroup;
			children = (
				2EE9CF032F2C80A70066A888 /* AutoLayout_practice.app */,
			);
			name = Products;
			sourceTree = "<group>";
		};
/* End PBXGroup section */

/* Begin PBXNativeTarget section */
		2EE9CF022F2C80A70066A888 /* AutoLayout_practice */ = {
			isa = PBXNativeTarget;
			buildConfigurationList = 2EE9CF162F2C80A80066A888 /* Build configuration list for PBXNativeTarget "AutoLayout_practice" */;
			buildPhases = (
				2EE9CEFF2F2C80A70066A888 /* Sources */,
				2EE9CF002F2C80A70066A888 /* Frameworks */,
				2EE9CF012F2C80A70066A888 /* Resources */,
			);
			buildRules = (
			);
			dependencies = (
			);
			name = AutoLayout_practice;
			packageProductDependencies = (
			);
			productName = AutoLayout_practice;
			productReference = 2EE9CF032F2C80A70066A888 /* AutoLayout_practice.app */;
			productType = "com.apple.product-type.application";
		};
/* End PBXNativeTarget section */

/* Begin PBXProject section */
		2EE9CEFB2F2C80A70066A888 /* Project object */ = {
			isa = PBXProject;
			attributes = {
				BuildIndependentTargetsInParallel = 1;
				LastSwiftUpdateCheck = 1620;
				LastUpgradeCheck = 1620;
				TargetAttributes = {
					2EE9CF022F2C80A70066A888 = {
						CreatedOnToolsVersion = 16.2;
					};
				};
			};
			buildConfigurationList = 2EE9CEFE2F2C80A70066A888 /* Build configuration list for PBXProject "AutoLayout_practice" */;
			developmentRegion = en;
			hasScannedForEncodings = 0;
			knownRegions = (
				en,
				Base,
			);
			mainGroup = 2EE9CEFA2F2C80A70066A888;
			minimizedProjectReferenceProxies = 1;
			preferredProjectObjectVersion = 77;
			productRefGroup = 2EE9CF042F2C80A70066A888 /* Products */;
			projectDirPath = "";
			projectRoot = "";
			targets = (
				2EE9CF022F2C80A70066A888 /* AutoLayout_practice */,
			);
		};
/* End PBXProject section */

/* Begin PBXResourcesBuildPhase section */
		2EE9CF012F2C80A70066A888 /* Resources */ = {
			isa = PBXResourcesBuildPhase;
			buildActionMask = 2147483647;
			files = (
				2EC8CDB02F5A9CF300302CAF /* xyz.ttf in Resources */,
				2EC8CDA52F5A99B700302CAF /* Assets.xcassets in Resources */,
				2EC8CDAD2F5A9A6400302CAF /* CustomView.xib in Resources */,
				2EC8CDA72F5A99B700302CAF /* LaunchScreen.storyboard in Resources */,
				2EC8CDA82F5A99B700302CAF /* Main.storyboard in Resources */,
			);
			runOnlyForDeploymentPostprocessing = 0;
		};
/* End PBXResourcesBuildPhase section */

/* Begin PBXSourcesBuildPhase section */
		2EE9CEFF2F2C80A70066A888 /* Sources */ = {
			isa = PBXSourcesBuildPhase;
			buildActionMask = 2147483647;
			files = (
				2EC8CDB22F5A9FBE00302CAF /* CustomView.swift in Sources */,
				2EC8CDA12F5A99B700302CAF /* AppDelegate.swift in Sources */,
				2EC8CDA22F5A99B700302CAF /* DesignViewController.swift in Sources */,
				2EC8CDA32F5A99B700302CAF /* SceneDelegate.swift in Sources */,
				2EC8CDA42F5A99B700302CAF /* ViewController.swift in Sources */,
			);
			runOnlyForDeploymentPostprocessing = 0;
		};
/* End PBXSourcesBuildPhase section */

/* Begin PBXVariantGroup section */
		2EC8CD9B2F5A99B700302CAF /* LaunchScreen.storyboard */ = {
			isa = PBXVariantGroup;
			children = (
				2EC8CD9A2F5A99B700302CAF /* Base */,
			);
			name = LaunchScreen.storyboard;
			sourceTree = "<group>";
		};
		2EC8CD9D2F5A99B700302CAF /* Main.storyboard */ = {
			isa = PBXVariantGroup;
			children = (
				2EC8CD9C2F5A99B700302CAF /* Base */,
			);
			name = Main.storyboard;
			sourceTree = "<group>";
		};
/* End PBXVariantGroup section */

/* Begin XCBuildConfiguration section */
		2EE9CF172F2C80A80066A888 /* Debug */ = {
			isa = XCBuildConfiguration;
			buildSettings = {
				ASSETCATALOG_COMPILER_APPICON_NAME = AppIcon;
				ASSETCATALOG_COMPILER_GLOBAL_ACCENT_COLOR_NAME = AccentColor;
				CODE_SIGN_STYLE = Automatic;
				CURRENT_PROJECT_VERSION = 1;
				GENERATE_INFOPLIST_FILE = YES;
				INFOPLIST_FILE = AutoLayout_practice/Info.plist;
				INFOPLIST_KEY_UIApplicationSupportsIndirectInputEvents = YES;
				INFOPLIST_KEY_UILaunchStoryboardName = LaunchScreen;
				INFOPLIST_KEY_UIMainStoryboardFile = Main;
				INFOPLIST_KEY_UISupportedInterfaceOrientations_iPad = "UIInterfaceOrientationPortrait UIInterfaceOrientationPortraitUpsideDown UIInterfaceOrientationLandscapeLeft UIInterfaceOrientationLandscapeRight";
				INFOPLIST_KEY_UISupportedInterfaceOrientations_iPhone = "UIInterfaceOrientationPortrait UIInterfaceOrientationLandscapeLeft UIInterfaceOrientationLandscapeRight";
				LD_RUNPATH_SEARCH_PATHS = (
					"$(inherited)",
					"@executable_path/Frameworks",
				);
				MARKETING_VERSION = 1.0;
				PRODUCT_BUNDLE_IDENTIFIER = "OB.AutoLayout-practice";
				PRODUCT_NAME = "$(TARGET_NAME)";
				SWIFT_EMIT_LOC_STRINGS = YES;
				SWIFT_VERSION = 5.0;
				TARGETED_DEVICE_FAMILY = "1,2";
			};
			name = Debug;
		};
		2EE9CF182F2C80A80066A888 /* Release */ = {
			isa = XCBuildConfiguration;
			buildSettings = {
				ASSETCATALOG_COMPILER_APPICON_NAME = AppIcon;
				ASSETCATALOG_COMPILER_GLOBAL_ACCENT_COLOR_NAME = AccentColor;
				CODE_SIGN_STYLE = Automatic;
				CURRENT_PROJECT_VERSION = 1;
				GENERATE_INFOPLIST_FILE = YES;
				INFOPLIST_FILE = AutoLayout_practice/Info.plist;
				INFOPLIST_KEY_UIApplicationSupportsIndirectInputEvents = YES;
				INFOPLIST_KEY_UILaunchStoryboardName = LaunchScreen;
				INFOPLIST_KEY_UIMainStoryboardFile = Main;
				INFOPLIST_KEY_UISupportedInterfaceOrientations_iPad = "UIInterfaceOrientationPortrait UIInterfaceOrientationPortraitUpsideDown UIInterfaceOrientationLandscapeLeft UIInterfaceOrientationLandscapeRight";
				INFOPLIST_KEY_UISupportedInterfaceOrientations_iPhone = "UIInterfaceOrientationPortrait UIInterfaceOrientationLandscapeLeft UIInterfaceOrientationLandscapeRight";
				LD_RUNPATH_SEARCH_PATHS = (
					"$(inherited)",
					"@executable_path/Frameworks",
				);
				MARKETING_VERSION = 1.0;
				PRODUCT_BUNDLE_IDENTIFIER = "OB.AutoLayout-practice";
				PRODUCT_NAME = "$(TARGET_NAME)";
				SWIFT_EMIT_LOC_STRINGS = YES;
				SWIFT_VERSION = 5.0;
				TARGETED_DEVICE_FAMILY = "1,2";
			};
			name = Release;
		};
		2EE9CF192F2C80A80066A888 /* Debug */ = {
			isa = XCBuildConfiguration;
			buildSettings = {
				ALWAYS_SEARCH_USER_PATHS = NO;
				ASSETCATALOG_COMPILER_GENERATE_SWIFT_ASSET_SYMBOL_EXTENSIONS = YES;
				CLANG_ANALYZER_NONNULL = YES;
				CLANG_ANALYZER_NUMBER_OBJECT_CONVERSION = YES_AGGRESSIVE;
				CLANG_CXX_LANGUAGE_STANDARD = "gnu++20";
				CLANG_ENABLE_MODULES = YES;
				CLANG_ENABLE_OBJC_ARC = YES;
				CLANG_ENABLE_OBJC_WEAK = YES;
				CLANG_WARN_BLOCK_CAPTURE_AUTORELEASING = YES;
				CLANG_WARN_BOOL_CONVERSION = YES;
				CLANG_WARN_COMMA = YES;
				CLANG_WARN_CONSTANT_CONVERSION = YES;
				CLANG_WARN_DEPRECATED_OBJC_IMPLEMENTATIONS = YES;
				CLANG_WARN_DIRECT_OBJC_ISA_USAGE = YES_ERROR;
				CLANG_WARN_DOCUMENTATION_COMMENTS = YES;
				CLANG_WARN_EMPTY_BODY = YES;
				CLANG_WARN_ENUM_CONVERSION = YES;
				CLANG_WARN_INFINITE_RECURSION = YES;
				CLANG_WARN_INT_CONVERSION = YES;
				CLANG_WARN_NON_LITERAL_NULL_CONVERSION = YES;
				CLANG_WARN_OBJC_IMPLICIT_RETAIN_SELF = YES;
				CLANG_WARN_OBJC_LITERAL_CONVERSION = YES;
				CLANG_WARN_OBJC_ROOT_CLASS = YES_ERROR;
				CLANG_WARN_QUOTED_INCLUDE_IN_FRAMEWORK_HEADER = YES;
				CLANG_WARN_RANGE_LOOP_ANALYSIS = YES;
				CLANG_WARN_STRICT_PROTOTYPES = YES;
				CLANG_WARN_SUSPICIOUS_MOVE = YES;
				CLANG_WARN_UNGUARDED_AVAILABILITY = YES_AGGRESSIVE;
				CLANG_WARN_UNREACHABLE_CODE = YES;
				CLANG_WARN__DUPLICATE_METHOD_MATCH = YES;
				COPY_PHASE_STRIP = NO;
				DEBUG_INFORMATION_FORMAT = dwarf;
				ENABLE_STRICT_OBJC_MSGSEND = YES;
				ENABLE_TESTABILITY = YES;
				ENABLE_USER_SCRIPT_SANDBOXING = YES;
				GCC_C_LANGUAGE_STANDARD = gnu17;
				GCC_DYNAMIC_NO_PIC = NO;
				GCC_NO_COMMON_BLOCKS = YES;
				GCC_OPTIMIZATION_LEVEL = 0;
				GCC_PREPROCESSOR_DEFINITIONS = (
					"DEBUG=1",
					"$(inherited)",
				);
				GCC_WARN_64_TO_32_BIT_CONVERSION = YES;
				GCC_WARN_ABOUT_RETURN_TYPE = YES_ERROR;
				GCC_WARN_UNDECLARED_SELECTOR = YES;
				GCC_WARN_UNINITIALIZED_AUTOS = YES_AGGRESSIVE;
				GCC_WARN_UNUSED_FUNCTION = YES;
				GCC_WARN_UNUSED_VARIABLE = YES;
				IPHONEOS_DEPLOYMENT_TARGET = 18.2;
				LOCALIZATION_PREFERS_STRING_CATALOGS = YES;
				MTL_ENABLE_DEBUG_INFO = INCLUDE_SOURCE;
				MTL_FAST_MATH = YES;
				ONLY_ACTIVE_ARCH = YES;
				SDKROOT = iphoneos;
				SWIFT_ACTIVE_COMPILATION_CONDITIONS = "DEBUG $(inherited)";
				SWIFT_OPTIMIZATION_LEVEL = "-Onone";
			};
			name = Debug;
		};
		2EE9CF1A2F2C80A80066A888 /* Release */ = {
			isa = XCBuildConfiguration;
			buildSettings = {
				ALWAYS_SEARCH_USER_PATHS = NO;
				ASSETCATALOG_COMPILER_GENERATE_SWIFT_ASSET_SYMBOL_EXTENSIONS = YES;
				CLANG_ANALYZER_NONNULL = YES;
				CLANG_ANALYZER_NUMBER_OBJECT_CONVERSION = YES_AGGRESSIVE;
				CLANG_CXX_LANGUAGE_STANDARD = "gnu++20";
				CLANG_ENABLE_MODULES = YES;
				CLANG_ENABLE_OBJC_ARC = YES;
				CLANG_ENABLE_OBJC_WEAK = YES;
				CLANG_WARN_BLOCK_CAPTURE_AUTORELEASING = YES;
				CLANG_WARN_BOOL_CONVERSION = YES;
				CLANG_WARN_COMMA = YES;
				CLANG_WARN_CONSTANT_CONVERSION = YES;
				CLANG_WARN_DEPRECATED_OBJC_IMPLEMENTATIONS = YES;
				CLANG_WARN_DIRECT_OBJC_ISA_USAGE = YES_ERROR;
				CLANG_WARN_DOCUMENTATION_COMMENTS = YES;
				CLANG_WARN_EMPTY_BODY = YES;
				CLANG_WARN_ENUM_CONVERSION = YES;
				CLANG_WARN_INFINITE_RECURSION = YES;
				CLANG_WARN_INT_CONVERSION = YES;
				CLANG_WARN_NON_LITERAL_NULL_CONVERSION = YES;
				CLANG_WARN_OBJC_IMPLICIT_RETAIN_SELF = YES;
				CLANG_WARN_OBJC_LITERAL_CONVERSION = YES;
				CLANG_WARN_OBJC_ROOT_CLASS = YES_ERROR;
				CLANG_WARN_QUOTED_INCLUDE_IN_FRAMEWORK_HEADER = YES;
				CLANG_WARN_RANGE_LOOP_ANALYSIS = YES;
				CLANG_WARN_STRICT_PROTOTYPES = YES;
				CLANG_WARN_SUSPICIOUS_MOVE = YES;
				CLANG_WARN_UNGUARDED_AVAILABILITY = YES_AGGRESSIVE;
				CLANG_WARN_UNREACHABLE_CODE = YES;
				CLANG_WARN__DUPLICATE_METHOD_MATCH = YES;
				COPY_PHASE_STRIP = NO;
				DEBUG_INFORMATION_FORMAT = "dwarf-with-dsym";
				ENABLE_NS_ASSERTIONS = NO;
				ENABLE_STRICT_OBJC_MSGSEND = YES;
				ENABLE_USER_SCRIPT_SANDBOXING = YES;
				GCC_C_LANGUAGE_STANDARD = gnu17;
				GCC_NO_COMMON_BLOCKS = YES;
				GCC_WARN_64_TO_32_BIT_CONVERSION = YES;
				GCC_WARN_ABOUT_RETURN_TYPE = YES_ERROR;
				GCC_WARN_UNDECLARED_SELECTOR = YES;
				GCC_WARN_UNINITIALIZED_AUTOS = YES_AGGRESSIVE;
				GCC_WARN_UNUSED_FUNCTION = YES;
				GCC_WARN_UNUSED_VARIABLE = YES;
				IPHONEOS_DEPLOYMENT_TARGET = 18.2;
				LOCALIZATION_PREFERS_STRING_CATALOGS = YES;
				MTL_ENABLE_DEBUG_INFO = NO;
				MTL_FAST_MATH = YES;
				SDKROOT = iphoneos;
				SWIFT_COMPILATION_MODE = wholemodule;
				VALIDATE_PRODUCT = YES;
			};
			name = Release;
		};
/* End XCBuildConfiguration section */

/* Begin XCConfigurationList section */
		2EE9CEFE2F2C80A70066A888 /* Build configuration list for PBXProject "AutoLayout_practice" */ = {
			isa = XCConfigurationList;
			buildConfigurations = (
				2EE9CF192F2C80A80066A888 /* Debug */,
				2EE9CF1A2F2C80A80066A888 /* Release */,
			);
			defaultConfigurationIsVisible = 0;
			defaultConfigurationName = Release;
		};
		2EE9CF162F2C80A80066A888 /* Build configuration list for PBXNativeTarget "AutoLayout_practice" */ = {
			isa = XCConfigurationList;
			buildConfigurations = (
				2EE9CF172F2C80A80066A888 /* Debug */,
				2EE9CF182F2C80A80066A888 /* Release */,
			);
			defaultConfigurationIsVisible = 0;
			defaultConfigurationName = Release;
		};
/* End XCConfigurationList section */
	};
	rootObject = 2EE9CEFB2F2C80A70066A888 /* Project object */;
}
