// !$*UTF8*$!
{
	archiveVersion = 1;
	classes = {
	};
	objectVersion = 77;
	objects = {

/* Begin PBXBuildFile section */
		2E9F95A92F4823DE005BDAE0 /* SDWebImage in Frameworks */ = {isa = PBXBuildFile; productRef = 2E9F95A82F4823DE005BDAE0 /* SDWebImage */; };
		2E9F95AB2F4823DE005BDAE0 /* SDWebImageMapKit in Frameworks */ = {isa = PBXBuildFile; productRef = 2E9F95AA2F4823DE005BDAE0 /* SDWebImageMapKit */; };
		2E9F95AD2F483FF7005BDAE0 /* VideoViewController.swift in Sources */ = {isa = PBXBuildFile; fileRef = 2E9F95AC2F483FF7005BDAE0 /* VideoViewController.swift */; };
		2E9F95B12F484671005BDAE0 /* ChrustyRock-ORLA.ttf in Resources */ = {isa = PBXBuildFile; fileRef = 2E9F95B02F484671005BDAE0 /* ChrustyRock-ORLA.ttf */; };
		2EE7943A2F48199600B0D48E /* AppDelegate.swift in Sources */ = {isa = PBXBuildFile; fileRef = 2EE794302F48199600B0D48E /* AppDelegate.swift */; };
		2EE7943B2F48199600B0D48E /* SceneDelegate.swift in Sources */ = {isa = PBXBuildFile; fileRef = 2EE794372F48199600B0D48E /* SceneDelegate.swift */; };
		2EE7943C2F48199600B0D48E /* ViewController.swift in Sources */ = {isa = PBXBuildFile; fileRef = 2EE794382F48199600B0D48E /* ViewController.swift */; };
		2EE7943D2F48199600B0D48E /* Assets.xcassets in Resources */ = {isa = PBXBuildFile; fileRef = 2EE794312F48199600B0D48E /* Assets.xcassets */; };
		2EE7943F2F48199600B0D48E /* LaunchScreen.storyboard in Resources */ = {isa = PBXBuildFile; fileRef = 2EE794342F48199600B0D48E /* LaunchScreen.storyboard */; };
		2EE794402F48199600B0D48E /* Main.storyboard in Resources */ = {isa = PBXBuildFile; fileRef = 2EE794362F48199600B0D48E /* Main.storyboard */; };
/* End PBXBuildFile section */

/* Begin PBXFileReference section */
		2E9F95AC2F483FF7005BDAE0 /* VideoViewController.swift */ = {isa = PBXFileReference; lastKnownFileType = sourcecode.swift; path = VideoViewController.swift; sourceTree = "<group>"; };
		2E9F95B02F484671005BDAE0 /* ChrustyRock-ORLA.ttf */ = {isa = PBXFileReference; lastKnownFileType = file; path = "ChrustyRock-ORLA.ttf"; sourceTree = "<group>"; };
		2EE794182F48198F00B0D48E /* ImagePicker_Practice.app */ = {isa = PBXFileReference; explicitFileType = wrapper.application; includeInIndex = 0; path = ImagePicker_Practice.app; sourceTree = BUILT_PRODUCTS_DIR; };
		2EE794302F48199600B0D48E /* AppDelegate.swift */ = {isa = PBXFileReference; lastKnownFileType = sourcecode.swift; path = AppDelegate.swift; sourceTree = "<group>"; };
		2EE794312F48199600B0D48E /* Assets.xcassets */ = {isa = PBXFileReference; lastKnownFileType = folder.assetcatalog; path = Assets.xcassets; sourceTree = "<group>"; };
		2EE794322F48199600B0D48E /* Info.plist */ = {isa = PBXFileReference; lastKnownFileType = text.plist.xml; path = Info.plist; sourceTree = "<group>"; };
		2EE794332F48199600B0D48E /* Base */ = {isa = PBXFileReference; lastKnownFileType = file.storyboard; name = Base; path = Base.lproj/LaunchScreen.storyboard; sourceTree = "<group>"; };
		2EE794352F48199600B0D48E /* Base */ = {isa = PBXFileReference; lastKnownFileType = file.storyboard; name = Base; path = Base.lproj/Main.storyboard; sourceTree = "<group>"; };
		2EE794372F48199600B0D48E /* SceneDelegate.swift */ = {isa = PBXFileReference; lastKnownFileType = sourcecode.swift; path = SceneDelegate.swift; sourceTree = "<group>"; };
		2EE794382F48199600B0D48E /* ViewController.swift */ = {isa = PBXFileReference; lastKnownFileType = sourcecode.swift; path = ViewController.swift; sourceTree = "<group>"; };
/* End PBXFileReference section */

/* Begin PBXFrameworksBuildPhase section */
		2EE794152F48198F00B0D48E /* Frameworks */ = {
			isa = PBXFrameworksBuildPhase;
			buildActionMask = 2147483647;
			files = (
				2E9F95AB2F4823DE005BDAE0 /* SDWebImageMapKit in Frameworks */,
				2E9F95A92F4823DE005BDAE0 /* SDWebImage in Frameworks */,
			);
			runOnlyForDeploymentPostprocessing = 0;
		};
/* End PBXFrameworksBuildPhase section */

/* Begin PBXGroup section */
		2E9F95B22F484682005BDAE0 /* fonts */ = {
			isa = PBXGroup;
			children = (
				2E9F95B02F484671005BDAE0 /* ChrustyRock-ORLA.ttf */,
			);
			path = fonts;
			sourceTree = "<group>";
		};
		2EE7940F2F48198F00B0D48E = {
			isa = PBXGroup;
			children = (
				2EE794392F48199600B0D48E /* ImagePicker_Practice */,
				2EE794192F48198F00B0D48E /* Products */,
			);
			sourceTree = "<group>";
		};
		2EE794192F48198F00B0D48E /* Products */ = {
			isa = PBXGroup;
			children = (
				2EE794182F48198F00B0D48E /* ImagePicker_Practice.app */,
			);
			name = Products;
			sourceTree = "<group>";
		};
		2EE794392F48199600B0D48E /* ImagePicker_Practice */ = {
			isa = PBXGroup;
			children = (
				2E9F95B22F484682005BDAE0 /* fonts */,
				2EE794432F4819C200B0D48E /* StoryBoard */,
				2EE794422F4819AA00B0D48E /* ViewController */,
				2EE794412F48199A00B0D48E /* AppDelegate */,
				2EE794312F48199600B0D48E /* Assets.xcassets */,
				2EE794322F48199600B0D48E /* Info.plist */,
			);
			path = ImagePicker_Practice;
			sourceTree = "<group>";
		};
		2EE794412F48199A00B0D48E /* AppDelegate */ = {
			isa = PBXGroup;
			children = (
				2EE794372F48199600B0D48E /* SceneDelegate.swift */,
				2EE794302F48199600B0D48E /* AppDelegate.swift */,
			);
			path = AppDelegate;
			sourceTree = "<group>";
		};
		2EE794422F4819AA00B0D48E /* ViewController */ = {
			isa = PBXGroup;
			children = (
				2E9F95AC2F483FF7005BDAE0 /* VideoViewController.swift */,
				2EE794382F48199600B0D48E /* ViewController.swift */,
			);
			path = ViewController;
			sourceTree = "<group>";
		};
		2EE794432F4819C200B0D48E /* StoryBoard */ = {
			isa = PBXGroup;
			children = (
				2EE794342F48199600B0D48E /* LaunchScreen.storyboard */,
				2EE794362F48199600B0D48E /* Main.storyboard */,
			);
			path = StoryBoard;
			sourceTree = "<group>";
		};
/* End PBXGroup section */

/* Begin PBXNativeTarget section */
		2EE794172F48198F00B0D48E /* ImagePicker_Practice */ = {
			isa = PBXNativeTarget;
			buildConfigurationList = 2EE7942B2F48198F00B0D48E /* Build configuration list for PBXNativeTarget "ImagePicker_Practice" */;
			buildPhases = (
				2EE794142F48198F00B0D48E /* Sources */,
				2EE794152F48198F00B0D48E /* Frameworks */,
				2EE794162F48198F00B0D48E /* Resources */,
			);
			buildRules = (
			);
			dependencies = (
			);
			name = ImagePicker_Practice;
			packageProductDependencies = (
				2E9F95A82F4823DE005BDAE0 /* SDWebImage */,
				2E9F95AA2F4823DE005BDAE0 /* SDWebImageMapKit */,
			);
			productName = ImagePicker_Practice;
			productReference = 2EE794182F48198F00B0D48E /* ImagePicker_Practice.app */;
			productType = "com.apple.product-type.application";
		};
/* End PBXNativeTarget section */

/* Begin PBXProject section */
		2EE794102F48198F00B0D48E /* Project object */ = {
			isa = PBXProject;
			attributes = {
				BuildIndependentTargetsInParallel = 1;
				LastSwiftUpdateCheck = 1620;
				LastUpgradeCheck = 1620;
				TargetAttributes = {
					2EE794172F48198F00B0D48E = {
						CreatedOnToolsVersion = 16.2;
					};
				};
			};
			buildConfigurationList = 2EE794132F48198F00B0D48E /* Build configuration list for PBXProject "ImagePicker_Practice" */;
			developmentRegion = en;
			hasScannedForEncodings = 0;
			knownRegions = (
				en,
				Base,
			);
			mainGroup = 2EE7940F2F48198F00B0D48E;
			minimizedProjectReferenceProxies = 1;
			packageReferences = (
				2E9F95A72F4823DE005BDAE0 /* XCRemoteSwiftPackageReference "SDWebImage" */,
			);
			preferredProjectObjectVersion = 77;
			productRefGroup = 2EE794192F48198F00B0D48E /* Products */;
			projectDirPath = "";
			projectRoot = "";
			targets = (
				2EE794172F48198F00B0D48E /* ImagePicker_Practice */,
			);
		};
/* End PBXProject section */

/* Begin PBXResourcesBuildPhase section */
		2EE794162F48198F00B0D48E /* Resources */ = {
			isa = PBXResourcesBuildPhase;
			buildActionMask = 2147483647;
			files = (
				2E9F95B12F484671005BDAE0 /* ChrustyRock-ORLA.ttf in Resources */,
				2EE7943D2F48199600B0D48E /* Assets.xcassets in Resources */,
				2EE7943F2F48199600B0D48E /* LaunchScreen.storyboard in Resources */,
				2EE794402F48199600B0D48E /* Main.storyboard in Resources */,
			);
			runOnlyForDeploymentPostprocessing = 0;
		};
/* End PBXResourcesBuildPhase section */

/* Begin PBXSourcesBuildPhase section */
		2EE794142F48198F00B0D48E /* Sources */ = {
			isa = PBXSourcesBuildPhase;
			buildActionMask = 2147483647;
			files = (
				2EE7943A2F48199600B0D48E /* AppDelegate.swift in Sources */,
				2EE7943B2F48199600B0D48E /* SceneDelegate.swift in Sources */,
				2E9F95AD2F483FF7005BDAE0 /* VideoViewController.swift in Sources */,
				2EE7943C2F48199600B0D48E /* ViewController.swift in Sources */,
			);
			runOnlyForDeploymentPostprocessing = 0;
		};
/* End PBXSourcesBuildPhase section */

/* Begin PBXVariantGroup section */
		2EE794342F48199600B0D48E /* LaunchScreen.storyboard */ = {
			isa = PBXVariantGroup;
			children = (
				2EE794332F48199600B0D48E /* Base */,
			);
			name = LaunchScreen.storyboard;
			sourceTree = "<group>";
		};
		2EE794362F48199600B0D48E /* Main.storyboard */ = {
			isa = PBXVariantGroup;
			children = (
				2EE794352F48199600B0D48E /* Base */,
			);
			name = Main.storyboard;
			sourceTree = "<group>";
		};
/* End PBXVariantGroup section */

/* Begin XCBuildConfiguration section */
		2EE7942C2F48198F00B0D48E /* Debug */ = {
			isa = XCBuildConfiguration;
			buildSettings = {
				ASSETCATALOG_COMPILER_APPICON_NAME = AppIcon;
				ASSETCATALOG_COMPILER_GLOBAL_ACCENT_COLOR_NAME = AccentColor;
				CODE_SIGN_STYLE = Automatic;
				CURRENT_PROJECT_VERSION = 1;
				GENERATE_INFOPLIST_FILE = YES;
				INFOPLIST_FILE = ImagePicker_Practice/Info.plist;
				INFOPLIST_KEY_UIApplicationSupportsIndirectInputEvents = YES;
				INFOPLIST_KEY_UILaunchStoryboardName = LaunchScreen;
				INFOPLIST_KEY_UIMainStoryboardFile = Main;
				INFOPLIST_KEY_UISupportedInterfaceOrientations_iPad = "UIInterfaceOrientationPortrait UIInterfaceOrientationPortraitUpsideDown UIInterfaceOrientationLandscapeLeft UIInterfaceOrientationLandscapeRight";
				INFOPLIST_KEY_UISupportedInterfaceOrientations_iPhone = "UIInterfaceOrientationPortrait UIInterfaceOrientationLandscapeLeft UIInterfaceOrientationLandscapeRight";
				LD_RUNPATH_SEARCH_PATHS = (
					"$(inherited)",
					"@executable_path/Frameworks",
				);
				MARKETING_VERSION = 1.0;
				PRODUCT_BUNDLE_IDENTIFIER = "OB.ImagePicker-Practice";
				PRODUCT_NAME = "$(TARGET_NAME)";
				SWIFT_EMIT_LOC_STRINGS = YES;
				SWIFT_VERSION = 5.0;
				TARGETED_DEVICE_FAMILY = "1,2";
			};
			name = Debug;
		};
		2EE7942D2F48198F00B0D48E /* Release */ = {
			isa = XCBuildConfiguration;
			buildSettings = {
				ASSETCATALOG_COMPILER_APPICON_NAME = AppIcon;
				ASSETCATALOG_COMPILER_GLOBAL_ACCENT_COLOR_NAME = AccentColor;
				CODE_SIGN_STYLE = Automatic;
				CURRENT_PROJECT_VERSION = 1;
				GENERATE_INFOPLIST_FILE = YES;
				INFOPLIST_FILE = ImagePicker_Practice/Info.plist;
				INFOPLIST_KEY_UIApplicationSupportsIndirectInputEvents = YES;
				INFOPLIST_KEY_UILaunchStoryboardName = LaunchScreen;
				INFOPLIST_KEY_UIMainStoryboardFile = Main;
				INFOPLIST_KEY_UISupportedInterfaceOrientations_iPad = "UIInterfaceOrientationPortrait UIInterfaceOrientationPortraitUpsideDown UIInterfaceOrientationLandscapeLeft UIInterfaceOrientationLandscapeRight";
				INFOPLIST_KEY_UISupportedInterfaceOrientations_iPhone = "UIInterfaceOrientationPortrait UIInterfaceOrientationLandscapeLeft UIInterfaceOrientationLandscapeRight";
				LD_RUNPATH_SEARCH_PATHS = (
					"$(inherited)",
					"@executable_path/Frameworks",
				);
				MARKETING_VERSION = 1.0;
				PRODUCT_BUNDLE_IDENTIFIER = "OB.ImagePicker-Practice";
				PRODUCT_NAME = "$(TARGET_NAME)";
				SWIFT_EMIT_LOC_STRINGS = YES;
				SWIFT_VERSION = 5.0;
				TARGETED_DEVICE_FAMILY = "1,2";
			};
			name = Release;
		};
		2EE7942E2F48198F00B0D48E /* Debug */ = {
			isa = XCBuildConfiguration;
			buildSettings = {
				ALWAYS_SEARCH_USER_PATHS = NO;
				ASSETCATALOG_COMPILER_GENERATE_SWIFT_ASSET_SYMBOL_EXTENSIONS = YES;
				CLANG_ANALYZER_NONNULL = YES;
				CLANG_ANALYZER_NUMBER_OBJECT_CONVERSION = YES_AGGRESSIVE;
				CLANG_CXX_LANGUAGE_STANDARD = "gnu++20";
				CLANG_ENABLE_MODULES = YES;
				CLANG_ENABLE_OBJC_ARC = YES;
				CLANG_ENABLE_OBJC_WEAK = YES;
				CLANG_WARN_BLOCK_CAPTURE_AUTORELEASING = YES;
				CLANG_WARN_BOOL_CONVERSION = YES;
				CLANG_WARN_COMMA = YES;
				CLANG_WARN_CONSTANT_CONVERSION = YES;
				CLANG_WARN_DEPRECATED_OBJC_IMPLEMENTATIONS = YES;
				CLANG_WARN_DIRECT_OBJC_ISA_USAGE = YES_ERROR;
				CLANG_WARN_DOCUMENTATION_COMMENTS = YES;
				CLANG_WARN_EMPTY_BODY = YES;
				CLANG_WARN_ENUM_CONVERSION = YES;
				CLANG_WARN_INFINITE_RECURSION = YES;
				CLANG_WARN_INT_CONVERSION = YES;
				CLANG_WARN_NON_LITERAL_NULL_CONVERSION = YES;
				CLANG_WARN_OBJC_IMPLICIT_RETAIN_SELF = YES;
				CLANG_WARN_OBJC_LITERAL_CONVERSION = YES;
				CLANG_WARN_OBJC_ROOT_CLASS = YES_ERROR;
				CLANG_WARN_QUOTED_INCLUDE_IN_FRAMEWORK_HEADER = YES;
				CLANG_WARN_RANGE_LOOP_ANALYSIS = YES;
				CLANG_WARN_STRICT_PROTOTYPES = YES;
				CLANG_WARN_SUSPICIOUS_MOVE = YES;
				CLANG_WARN_UNGUARDED_AVAILABILITY = YES_AGGRESSIVE;
				CLANG_WARN_UNREACHABLE_CODE = YES;
				CLANG_WARN__DUPLICATE_METHOD_MATCH = YES;
				COPY_PHASE_STRIP = NO;
				DEBUG_INFORMATION_FORMAT = dwarf;
				ENABLE_STRICT_OBJC_MSGSEND = YES;
				ENABLE_TESTABILITY = YES;
				ENABLE_USER_SCRIPT_SANDBOXING = YES;
				GCC_C_LANGUAGE_STANDARD = gnu17;
				GCC_DYNAMIC_NO_PIC = NO;
				GCC_NO_COMMON_BLOCKS = YES;
				GCC_OPTIMIZATION_LEVEL = 0;
				GCC_PREPROCESSOR_DEFINITIONS = (
					"DEBUG=1",
					"$(inherited)",
				);
				GCC_WARN_64_TO_32_BIT_CONVERSION = YES;
				GCC_WARN_ABOUT_RETURN_TYPE = YES_ERROR;
				GCC_WARN_UNDECLARED_SELECTOR = YES;
				GCC_WARN_UNINITIALIZED_AUTOS = YES_AGGRESSIVE;
				GCC_WARN_UNUSED_FUNCTION = YES;
				GCC_WARN_UNUSED_VARIABLE = YES;
				IPHONEOS_DEPLOYMENT_TARGET = 18.2;
				LOCALIZATION_PREFERS_STRING_CATALOGS = YES;
				MTL_ENABLE_DEBUG_INFO = INCLUDE_SOURCE;
				MTL_FAST_MATH = YES;
				ONLY_ACTIVE_ARCH = YES;
				SDKROOT = iphoneos;
				SWIFT_ACTIVE_COMPILATION_CONDITIONS = "DEBUG $(inherited)";
				SWIFT_OPTIMIZATION_LEVEL = "-Onone";
			};
			name = Debug;
		};
		2EE7942F2F48198F00B0D48E /* Release */ = {
			isa = XCBuildConfiguration;
			buildSettings = {
				ALWAYS_SEARCH_USER_PATHS = NO;
				ASSETCATALOG_COMPILER_GENERATE_SWIFT_ASSET_SYMBOL_EXTENSIONS = YES;
				CLANG_ANALYZER_NONNULL = YES;
				CLANG_ANALYZER_NUMBER_OBJECT_CONVERSION = YES_AGGRESSIVE;
				CLANG_CXX_LANGUAGE_STANDARD = "gnu++20";
				CLANG_ENABLE_MODULES = YES;
				CLANG_ENABLE_OBJC_ARC = YES;
				CLANG_ENABLE_OBJC_WEAK = YES;
				CLANG_WARN_BLOCK_CAPTURE_AUTORELEASING = YES;
				CLANG_WARN_BOOL_CONVERSION = YES;
				CLANG_WARN_COMMA = YES;
				CLANG_WARN_CONSTANT_CONVERSION = YES;
				CLANG_WARN_DEPRECATED_OBJC_IMPLEMENTATIONS = YES;
				CLANG_WARN_DIRECT_OBJC_ISA_USAGE = YES_ERROR;
				CLANG_WARN_DOCUMENTATION_COMMENTS = YES;
				CLANG_WARN_EMPTY_BODY = YES;
				CLANG_WARN_ENUM_CONVERSION = YES;
				CLANG_WARN_INFINITE_RECURSION = YES;
				CLANG_WARN_INT_CONVERSION = YES;
				CLANG_WARN_NON_LITERAL_NULL_CONVERSION = YES;
				CLANG_WARN_OBJC_IMPLICIT_RETAIN_SELF = YES;
				CLANG_WARN_OBJC_LITERAL_CONVERSION = YES;
				CLANG_WARN_OBJC_ROOT_CLASS = YES_ERROR;
				CLANG_WARN_QUOTED_INCLUDE_IN_FRAMEWORK_HEADER = YES;
				CLANG_WARN_RANGE_LOOP_ANALYSIS = YES;
				CLANG_WARN_STRICT_PROTOTYPES = YES;
				CLANG_WARN_SUSPICIOUS_MOVE = YES;
				CLANG_WARN_UNGUARDED_AVAILABILITY = YES_AGGRESSIVE;
				CLANG_WARN_UNREACHABLE_CODE = YES;
				CLANG_WARN__DUPLICATE_METHOD_MATCH = YES;
				COPY_PHASE_STRIP = NO;
				DEBUG_INFORMATION_FORMAT = "dwarf-with-dsym";
				ENABLE_NS_ASSERTIONS = NO;
				ENABLE_STRICT_OBJC_MSGSEND = YES;
				ENABLE_USER_SCRIPT_SANDBOXING = YES;
				GCC_C_LANGUAGE_STANDARD = gnu17;
				GCC_NO_COMMON_BLOCKS = YES;
				GCC_WARN_64_TO_32_BIT_CONVERSION = YES;
				GCC_WARN_ABOUT_RETURN_TYPE = YES_ERROR;
				GCC_WARN_UNDECLARED_SELECTOR = YES;
				GCC_WARN_UNINITIALIZED_AUTOS = YES_AGGRESSIVE;
				GCC_WARN_UNUSED_FUNCTION = YES;
				GCC_WARN_UNUSED_VARIABLE = YES;
				IPHONEOS_DEPLOYMENT_TARGET = 18.2;
				LOCALIZATION_PREFERS_STRING_CATALOGS = YES;
				MTL_ENABLE_DEBUG_INFO = NO;
				MTL_FAST_MATH = YES;
				SDKROOT = iphoneos;
				SWIFT_COMPILATION_MODE = wholemodule;
				VALIDATE_PRODUCT = YES;
			};
			name = Release;
		};
/* End XCBuildConfiguration section */

/* Begin XCConfigurationList section */
		2EE794132F48198F00B0D48E /* Build configuration list for PBXProject "ImagePicker_Practice" */ = {
			isa = XCConfigurationList;
			buildConfigurations = (
				2EE7942E2F48198F00B0D48E /* Debug */,
				2EE7942F2F48198F00B0D48E /* Release */,
			);
			defaultConfigurationIsVisible = 0;
			defaultConfigurationName = Release;
		};
		2EE7942B2F48198F00B0D48E /* Build configuration list for PBXNativeTarget "ImagePicker_Practice" */ = {
			isa = XCConfigurationList;
			buildConfigurations = (
				2EE7942C2F48198F00B0D48E /* Debug */,
				2EE7942D2F48198F00B0D48E /* Release */,
			);
			defaultConfigurationIsVisible = 0;
			defaultConfigurationName = Release;
		};
/* End XCConfigurationList section */

/* Begin XCRemoteSwiftPackageReference section */
		2E9F95A72F4823DE005BDAE0 /* XCRemoteSwiftPackageReference "SDWebImage" */ = {
			isa = XCRemoteSwiftPackageReference;
			repositoryURL = "https://github.com/SDWebImage/SDWebImage";
			requirement = {
				kind = upToNextMajorVersion;
				minimumVersion = 5.21.6;
			};
		};
/* End XCRemoteSwiftPackageReference section */

/* Begin XCSwiftPackageProductDependency section */
		2E9F95A82F4823DE005BDAE0 /* SDWebImage */ = {
			isa = XCSwiftPackageProductDependency;
			package = 2E9F95A72F4823DE005BDAE0 /* XCRemoteSwiftPackageReference "SDWebImage" */;
			productName = SDWebImage;
		};
		2E9F95AA2F4823DE005BDAE0 /* SDWebImageMapKit */ = {
			isa = XCSwiftPackageProductDependency;
			package = 2E9F95A72F4823DE005BDAE0 /* XCRemoteSwiftPackageReference "SDWebImage" */;
			productName = SDWebImageMapKit;
		};
/* End XCSwiftPackageProductDependency section */
	};
	rootObject = 2EE794102F48198F00B0D48E /* Project object */;
}
