// !$*UTF8*$!
{
	archiveVersion = 1;
	classes = {
	};
	objectVersion = 77;
	objects = {

/* Begin PBXBuildFile section */
		2ED4A6372F3D906B00D369D0 /* TextViewDemoVC.swift in Sources */ = {isa = PBXBuildFile; fileRef = 2ED4A6362F3D906B00D369D0 /* TextViewDemoVC.swift */; };
		2ED4A6392F3DA5A700D369D0 /* SwitchDemoVC.swift in Sources */ = {isa = PBXBuildFile; fileRef = 2ED4A6382F3DA5A700D369D0 /* SwitchDemoVC.swift */; };
		2ED4A64D2F3DD99E00D369D0 /* StepperDemoVC.swift in Sources */ = {isa = PBXBuildFile; fileRef = 2ED4A64C2F3DD99E00D369D0 /* StepperDemoVC.swift */; };
		2ED4A64F2F3E05BB00D369D0 /* ProgressDemoVC.swift in Sources */ = {isa = PBXBuildFile; fileRef = 2ED4A64E2F3E05BB00D369D0 /* ProgressDemoVC.swift */; };
		2ED4A6512F3E10A000D369D0 /* SegmentDemoVC.swift in Sources */ = {isa = PBXBuildFile; fileRef = 2ED4A6502F3E10A000D369D0 /* SegmentDemoVC.swift */; };
		2ED4A6532F3E1E1200D369D0 /* ToolBarDemoVC.swift in Sources */ = {isa = PBXBuildFile; fileRef = 2ED4A6522F3E1E1200D369D0 /* ToolBarDemoVC.swift */; };
		2ED768992F3B04CE009D653B /* Assets.xcassets in Resources */ = {isa = PBXBuildFile; fileRef = 2ED768902F3B04CE009D653B /* Assets.xcassets */; };
		2ED7689B2F3B04CE009D653B /* LaunchScreen.storyboard in Resources */ = {isa = PBXBuildFile; fileRef = 2ED768932F3B04CE009D653B /* LaunchScreen.storyboard */; };
		2ED7689C2F3B04CE009D653B /* Main.storyboard in Resources */ = {isa = PBXBuildFile; fileRef = 2ED768952F3B04CE009D653B /* Main.storyboard */; };
		2ED7689D2F3B04CE009D653B /* AppDelegate.swift in Sources */ = {isa = PBXBuildFile; fileRef = 2ED7688F2F3B04CE009D653B /* AppDelegate.swift */; };
		2ED7689E2F3B04CE009D653B /* SceneDelegate.swift in Sources */ = {isa = PBXBuildFile; fileRef = 2ED768962F3B04CE009D653B /* SceneDelegate.swift */; };
		2ED7689F2F3B04CE009D653B /* ViewController.swift in Sources */ = {isa = PBXBuildFile; fileRef = 2ED768972F3B04CE009D653B /* ViewController.swift */; };
		2ED768A42F3B42EA009D653B /* ScondViewController.swift in Sources */ = {isa = PBXBuildFile; fileRef = 2ED768A32F3B42EA009D653B /* ScondViewController.swift */; };
/* End PBXBuildFile section */

/* Begin PBXFileReference section */
		2ED4A6362F3D906B00D369D0 /* TextViewDemoVC.swift */ = {isa = PBXFileReference; lastKnownFileType = sourcecode.swift; path = TextViewDemoVC.swift; sourceTree = "<group>"; };
		2ED4A6382F3DA5A700D369D0 /* SwitchDemoVC.swift */ = {isa = PBXFileReference; lastKnownFileType = sourcecode.swift; path = SwitchDemoVC.swift; sourceTree = "<group>"; };
		2ED4A64C2F3DD99E00D369D0 /* StepperDemoVC.swift */ = {isa = PBXFileReference; lastKnownFileType = sourcecode.swift; path = StepperDemoVC.swift; sourceTree = "<group>"; };
		2ED4A64E2F3E05BB00D369D0 /* ProgressDemoVC.swift */ = {isa = PBXFileReference; lastKnownFileType = sourcecode.swift; path = ProgressDemoVC.swift; sourceTree = "<group>"; };
		2ED4A6502F3E10A000D369D0 /* SegmentDemoVC.swift */ = {isa = PBXFileReference; lastKnownFileType = sourcecode.swift; path = SegmentDemoVC.swift; sourceTree = "<group>"; };
		2ED4A6522F3E1E1200D369D0 /* ToolBarDemoVC.swift */ = {isa = PBXFileReference; lastKnownFileType = sourcecode.swift; path = ToolBarDemoVC.swift; sourceTree = "<group>"; };
		2ED768772F3AF769009D653B /* UIElements_Practice.app */ = {isa = PBXFileReference; explicitFileType = wrapper.application; includeInIndex = 0; path = UIElements_Practice.app; sourceTree = BUILT_PRODUCTS_DIR; };
		2ED7688F2F3B04CE009D653B /* AppDelegate.swift */ = {isa = PBXFileReference; lastKnownFileType = sourcecode.swift; path = AppDelegate.swift; sourceTree = "<group>"; };
		2ED768902F3B04CE009D653B /* Assets.xcassets */ = {isa = PBXFileReference; lastKnownFileType = folder.assetcatalog; path = Assets.xcassets; sourceTree = "<group>"; };
		2ED768912F3B04CE009D653B /* Info.plist */ = {isa = PBXFileReference; lastKnownFileType = text.plist.xml; path = Info.plist; sourceTree = "<group>"; };
		2ED768922F3B04CE009D653B /* Base */ = {isa = PBXFileReference; lastKnownFileType = file.storyboard; name = Base; path = Base.lproj/LaunchScreen.storyboard; sourceTree = "<group>"; };
		2ED768942F3B04CE009D653B /* Base */ = {isa = PBXFileReference; lastKnownFileType = file.storyboard; name = Base; path = Base.lproj/Main.storyboard; sourceTree = "<group>"; };
		2ED768962F3B04CE009D653B /* SceneDelegate.swift */ = {isa = PBXFileReference; lastKnownFileType = sourcecode.swift; path = SceneDelegate.swift; sourceTree = "<group>"; };
		2ED768972F3B04CE009D653B /* ViewController.swift */ = {isa = PBXFileReference; lastKnownFileType = sourcecode.swift; path = ViewController.swift; sourceTree = "<group>"; };
		2ED768A32F3B42EA009D653B /* ScondViewController.swift */ = {isa = PBXFileReference; lastKnownFileType = sourcecode.swift; path = ScondViewController.swift; sourceTree = "<group>"; };
/* End PBXFileReference section */

/* Begin PBXFrameworksBuildPhase section */
		2ED768742F3AF769009D653B /* Frameworks */ = {
			isa = PBXFrameworksBuildPhase;
			buildActionMask = 2147483647;
			files = (
			);
			runOnlyForDeploymentPostprocessing = 0;
		};
/* End PBXFrameworksBuildPhase section */

/* Begin PBXGroup section */
		2ED7686E2F3AF769009D653B = {
			isa = PBXGroup;
			children = (
				2ED768982F3B04CE009D653B /* UIElements_Practice */,
				2ED768782F3AF769009D653B /* Products */,
			);
			sourceTree = "<group>";
		};
		2ED768782F3AF769009D653B /* Products */ = {
			isa = PBXGroup;
			children = (
				2ED768772F3AF769009D653B /* UIElements_Practice.app */,
			);
			name = Products;
			sourceTree = "<group>";
		};
		2ED768982F3B04CE009D653B /* UIElements_Practice */ = {
			isa = PBXGroup;
			children = (
				2ED768A22F3B04EF009D653B /* Assets */,
				2ED768A12F3B04DF009D653B /* Delegates */,
				2ED768A02F3B04D1009D653B /* ViewControllers */,
				2ED768912F3B04CE009D653B /* Info.plist */,
				2ED768932F3B04CE009D653B /* LaunchScreen.storyboard */,
				2ED768952F3B04CE009D653B /* Main.storyboard */,
			);
			path = UIElements_Practice;
			sourceTree = "<group>";
		};
		2ED768A02F3B04D1009D653B /* ViewControllers */ = {
			isa = PBXGroup;
			children = (
				2ED768972F3B04CE009D653B /* ViewController.swift */,
				2ED4A6382F3DA5A700D369D0 /* SwitchDemoVC.swift */,
				2ED768A32F3B42EA009D653B /* ScondViewController.swift */,
				2ED4A6502F3E10A000D369D0 /* SegmentDemoVC.swift */,
				2ED4A6522F3E1E1200D369D0 /* ToolBarDemoVC.swift */,
				2ED4A64C2F3DD99E00D369D0 /* StepperDemoVC.swift */,
				2ED4A6362F3D906B00D369D0 /* TextViewDemoVC.swift */,
				2ED4A64E2F3E05BB00D369D0 /* ProgressDemoVC.swift */,
			);
			path = ViewControllers;
			sourceTree = "<group>";
		};
		2ED768A12F3B04DF009D653B /* Delegates */ = {
			isa = PBXGroup;
			children = (
				2ED7688F2F3B04CE009D653B /* AppDelegate.swift */,
				2ED768962F3B04CE009D653B /* SceneDelegate.swift */,
			);
			path = Delegates;
			sourceTree = "<group>";
		};
		2ED768A22F3B04EF009D653B /* Assets */ = {
			isa = PBXGroup;
			children = (
				2ED768902F3B04CE009D653B /* Assets.xcassets */,
			);
			path = Assets;
			sourceTree = "<group>";
		};
/* End PBXGroup section */

/* Begin PBXNativeTarget section */
		2ED768762F3AF769009D653B /* UIElements_Practice */ = {
			isa = PBXNativeTarget;
			buildConfigurationList = 2ED7688A2F3AF76B009D653B /* Build configuration list for PBXNativeTarget "UIElements_Practice" */;
			buildPhases = (
				2ED768732F3AF769009D653B /* Sources */,
				2ED768742F3AF769009D653B /* Frameworks */,
				2ED768752F3AF769009D653B /* Resources */,
			);
			buildRules = (
			);
			dependencies = (
			);
			name = UIElements_Practice;
			packageProductDependencies = (
			);
			productName = UIElements_Practice;
			productReference = 2ED768772F3AF769009D653B /* UIElements_Practice.app */;
			productType = "com.apple.product-type.application";
		};
/* End PBXNativeTarget section */

/* Begin PBXProject section */
		2ED7686F2F3AF769009D653B /* Project object */ = {
			isa = PBXProject;
			attributes = {
				BuildIndependentTargetsInParallel = 1;
				LastSwiftUpdateCheck = 1620;
				LastUpgradeCheck = 1620;
				TargetAttributes = {
					2ED768762F3AF769009D653B = {
						CreatedOnToolsVersion = 16.2;
					};
				};
			};
			buildConfigurationList = 2ED768722F3AF769009D653B /* Build configuration list for PBXProject "UIElements_Practice" */;
			developmentRegion = en;
			hasScannedForEncodings = 0;
			knownRegions = (
				en,
				Base,
			);
			mainGroup = 2ED7686E2F3AF769009D653B;
			minimizedProjectReferenceProxies = 1;
			preferredProjectObjectVersion = 77;
			productRefGroup = 2ED768782F3AF769009D653B /* Products */;
			projectDirPath = "";
			projectRoot = "";
			targets = (
				2ED768762F3AF769009D653B /* UIElements_Practice */,
			);
		};
/* End PBXProject section */

/* Begin PBXResourcesBuildPhase section */
		2ED768752F3AF769009D653B /* Resources */ = {
			isa = PBXResourcesBuildPhase;
			buildActionMask = 2147483647;
			files = (
				2ED768992F3B04CE009D653B /* Assets.xcassets in Resources */,
				2ED7689B2F3B04CE009D653B /* LaunchScreen.storyboard in Resources */,
				2ED7689C2F3B04CE009D653B /* Main.storyboard in Resources */,
			);
			runOnlyForDeploymentPostprocessing = 0;
		};
/* End PBXResourcesBuildPhase section */

/* Begin PBXSourcesBuildPhase section */
		2ED768732F3AF769009D653B /* Sources */ = {
			isa = PBXSourcesBuildPhase;
			buildActionMask = 2147483647;
			files = (
				2ED7689D2F3B04CE009D653B /* AppDelegate.swift in Sources */,
				2ED4A6512F3E10A000D369D0 /* SegmentDemoVC.swift in Sources */,
				2ED4A6392F3DA5A700D369D0 /* SwitchDemoVC.swift in Sources */,
				2ED4A64F2F3E05BB00D369D0 /* ProgressDemoVC.swift in Sources */,
				2ED4A64D2F3DD99E00D369D0 /* StepperDemoVC.swift in Sources */,
				2ED7689E2F3B04CE009D653B /* SceneDelegate.swift in Sources */,
				2ED4A6372F3D906B00D369D0 /* TextViewDemoVC.swift in Sources */,
				2ED768A42F3B42EA009D653B /* ScondViewController.swift in Sources */,
				2ED7689F2F3B04CE009D653B /* ViewController.swift in Sources */,
				2ED4A6532F3E1E1200D369D0 /* ToolBarDemoVC.swift in Sources */,
			);
			runOnlyForDeploymentPostprocessing = 0;
		};
/* End PBXSourcesBuildPhase section */

/* Begin PBXVariantGroup section */
		2ED768932F3B04CE009D653B /* LaunchScreen.storyboard */ = {
			isa = PBXVariantGroup;
			children = (
				2ED768922F3B04CE009D653B /* Base */,
			);
			name = LaunchScreen.storyboard;
			sourceTree = "<group>";
		};
		2ED768952F3B04CE009D653B /* Main.storyboard */ = {
			isa = PBXVariantGroup;
			children = (
				2ED768942F3B04CE009D653B /* Base */,
			);
			name = Main.storyboard;
			sourceTree = "<group>";
		};
/* End PBXVariantGroup section */

/* Begin XCBuildConfiguration section */
		2ED7688B2F3AF76B009D653B /* Debug */ = {
			isa = XCBuildConfiguration;
			buildSettings = {
				ASSETCATALOG_COMPILER_APPICON_NAME = AppIcon;
				ASSETCATALOG_COMPILER_GLOBAL_ACCENT_COLOR_NAME = AccentColor;
				CODE_SIGN_STYLE = Automatic;
				CURRENT_PROJECT_VERSION = 1;
				GENERATE_INFOPLIST_FILE = YES;
				INFOPLIST_FILE = UIElements_Practice/Info.plist;
				INFOPLIST_KEY_UIApplicationSupportsIndirectInputEvents = YES;
				INFOPLIST_KEY_UILaunchStoryboardName = LaunchScreen;
				INFOPLIST_KEY_UIMainStoryboardFile = Main;
				INFOPLIST_KEY_UISupportedInterfaceOrientations_iPad = "UIInterfaceOrientationPortrait UIInterfaceOrientationPortraitUpsideDown UIInterfaceOrientationLandscapeLeft UIInterfaceOrientationLandscapeRight";
				INFOPLIST_KEY_UISupportedInterfaceOrientations_iPhone = "UIInterfaceOrientationPortrait UIInterfaceOrientationLandscapeLeft UIInterfaceOrientationLandscapeRight";
				LD_RUNPATH_SEARCH_PATHS = (
					"$(inherited)",
					"@executable_path/Frameworks",
				);
				MARKETING_VERSION = 1.0;
				PRODUCT_BUNDLE_IDENTIFIER = "OB.UIElements-Practice";
				PRODUCT_NAME = "$(TARGET_NAME)";
				SWIFT_EMIT_LOC_STRINGS = YES;
				SWIFT_VERSION = 5.0;
				TARGETED_DEVICE_FAMILY = "1,2";
			};
			name = Debug;
		};
		2ED7688C2F3AF76B009D653B /* Release */ = {
			isa = XCBuildConfiguration;
			buildSettings = {
				ASSETCATALOG_COMPILER_APPICON_NAME = AppIcon;
				ASSETCATALOG_COMPILER_GLOBAL_ACCENT_COLOR_NAME = AccentColor;
				CODE_SIGN_STYLE = Automatic;
				CURRENT_PROJECT_VERSION = 1;
				GENERATE_INFOPLIST_FILE = YES;
				INFOPLIST_FILE = UIElements_Practice/Info.plist;
				INFOPLIST_KEY_UIApplicationSupportsIndirectInputEvents = YES;
				INFOPLIST_KEY_UILaunchStoryboardName = LaunchScreen;
				INFOPLIST_KEY_UIMainStoryboardFile = Main;
				INFOPLIST_KEY_UISupportedInterfaceOrientations_iPad = "UIInterfaceOrientationPortrait UIInterfaceOrientationPortraitUpsideDown UIInterfaceOrientationLandscapeLeft UIInterfaceOrientationLandscapeRight";
				INFOPLIST_KEY_UISupportedInterfaceOrientations_iPhone = "UIInterfaceOrientationPortrait UIInterfaceOrientationLandscapeLeft UIInterfaceOrientationLandscapeRight";
				LD_RUNPATH_SEARCH_PATHS = (
					"$(inherited)",
					"@executable_path/Frameworks",
				);
				MARKETING_VERSION = 1.0;
				PRODUCT_BUNDLE_IDENTIFIER = "OB.UIElements-Practice";
				PRODUCT_NAME = "$(TARGET_NAME)";
				SWIFT_EMIT_LOC_STRINGS = YES;
				SWIFT_VERSION = 5.0;
				TARGETED_DEVICE_FAMILY = "1,2";
			};
			name = Release;
		};
		2ED7688D2F3AF76B009D653B /* Debug */ = {
			isa = XCBuildConfiguration;
			buildSettings = {
				ALWAYS_SEARCH_USER_PATHS = NO;
				ASSETCATALOG_COMPILER_GENERATE_SWIFT_ASSET_SYMBOL_EXTENSIONS = YES;
				CLANG_ANALYZER_NONNULL = YES;
				CLANG_ANALYZER_NUMBER_OBJECT_CONVERSION = YES_AGGRESSIVE;
				CLANG_CXX_LANGUAGE_STANDARD = "gnu++20";
				CLANG_ENABLE_MODULES = YES;
				CLANG_ENABLE_OBJC_ARC = YES;
				CLANG_ENABLE_OBJC_WEAK = YES;
				CLANG_WARN_BLOCK_CAPTURE_AUTORELEASING = YES;
				CLANG_WARN_BOOL_CONVERSION = YES;
				CLANG_WARN_COMMA = YES;
				CLANG_WARN_CONSTANT_CONVERSION = YES;
				CLANG_WARN_DEPRECATED_OBJC_IMPLEMENTATIONS = YES;
				CLANG_WARN_DIRECT_OBJC_ISA_USAGE = YES_ERROR;
				CLANG_WARN_DOCUMENTATION_COMMENTS = YES;
				CLANG_WARN_EMPTY_BODY = YES;
				CLANG_WARN_ENUM_CONVERSION = YES;
				CLANG_WARN_INFINITE_RECURSION = YES;
				CLANG_WARN_INT_CONVERSION = YES;
				CLANG_WARN_NON_LITERAL_NULL_CONVERSION = YES;
				CLANG_WARN_OBJC_IMPLICIT_RETAIN_SELF = YES;
				CLANG_WARN_OBJC_LITERAL_CONVERSION = YES;
				CLANG_WARN_OBJC_ROOT_CLASS = YES_ERROR;
				CLANG_WARN_QUOTED_INCLUDE_IN_FRAMEWORK_HEADER = YES;
				CLANG_WARN_RANGE_LOOP_ANALYSIS = YES;
				CLANG_WARN_STRICT_PROTOTYPES = YES;
				CLANG_WARN_SUSPICIOUS_MOVE = YES;
				CLANG_WARN_UNGUARDED_AVAILABILITY = YES_AGGRESSIVE;
				CLANG_WARN_UNREACHABLE_CODE = YES;
				CLANG_WARN__DUPLICATE_METHOD_MATCH = YES;
				COPY_PHASE_STRIP = NO;
				DEBUG_INFORMATION_FORMAT = dwarf;
				ENABLE_STRICT_OBJC_MSGSEND = YES;
				ENABLE_TESTABILITY = YES;
				ENABLE_USER_SCRIPT_SANDBOXING = YES;
				GCC_C_LANGUAGE_STANDARD = gnu17;
				GCC_DYNAMIC_NO_PIC = NO;
				GCC_NO_COMMON_BLOCKS = YES;
				GCC_OPTIMIZATION_LEVEL = 0;
				GCC_PREPROCESSOR_DEFINITIONS = (
					"DEBUG=1",
					"$(inherited)",
				);
				GCC_WARN_64_TO_32_BIT_CONVERSION = YES;
				GCC_WARN_ABOUT_RETURN_TYPE = YES_ERROR;
				GCC_WARN_UNDECLARED_SELECTOR = YES;
				GCC_WARN_UNINITIALIZED_AUTOS = YES_AGGRESSIVE;
				GCC_WARN_UNUSED_FUNCTION = YES;
				GCC_WARN_UNUSED_VARIABLE = YES;
				IPHONEOS_DEPLOYMENT_TARGET = 18.2;
				LOCALIZATION_PREFERS_STRING_CATALOGS = YES;
				MTL_ENABLE_DEBUG_INFO = INCLUDE_SOURCE;
				MTL_FAST_MATH = YES;
				ONLY_ACTIVE_ARCH = YES;
				SDKROOT = iphoneos;
				SWIFT_ACTIVE_COMPILATION_CONDITIONS = "DEBUG $(inherited)";
				SWIFT_OPTIMIZATION_LEVEL = "-Onone";
			};
			name = Debug;
		};
		2ED7688E2F3AF76B009D653B /* Release */ = {
			isa = XCBuildConfiguration;
			buildSettings = {
				ALWAYS_SEARCH_USER_PATHS = NO;
				ASSETCATALOG_COMPILER_GENERATE_SWIFT_ASSET_SYMBOL_EXTENSIONS = YES;
				CLANG_ANALYZER_NONNULL = YES;
				CLANG_ANALYZER_NUMBER_OBJECT_CONVERSION = YES_AGGRESSIVE;
				CLANG_CXX_LANGUAGE_STANDARD = "gnu++20";
				CLANG_ENABLE_MODULES = YES;
				CLANG_ENABLE_OBJC_ARC = YES;
				CLANG_ENABLE_OBJC_WEAK = YES;
				CLANG_WARN_BLOCK_CAPTURE_AUTORELEASING = YES;
				CLANG_WARN_BOOL_CONVERSION = YES;
				CLANG_WARN_COMMA = YES;
				CLANG_WARN_CONSTANT_CONVERSION = YES;
				CLANG_WARN_DEPRECATED_OBJC_IMPLEMENTATIONS = YES;
				CLANG_WARN_DIRECT_OBJC_ISA_USAGE = YES_ERROR;
				CLANG_WARN_DOCUMENTATION_COMMENTS = YES;
				CLANG_WARN_EMPTY_BODY = YES;
				CLANG_WARN_ENUM_CONVERSION = YES;
				CLANG_WARN_INFINITE_RECURSION = YES;
				CLANG_WARN_INT_CONVERSION = YES;
				CLANG_WARN_NON_LITERAL_NULL_CONVERSION = YES;
				CLANG_WARN_OBJC_IMPLICIT_RETAIN_SELF = YES;
				CLANG_WARN_OBJC_LITERAL_CONVERSION = YES;
				CLANG_WARN_OBJC_ROOT_CLASS = YES_ERROR;
				CLANG_WARN_QUOTED_INCLUDE_IN_FRAMEWORK_HEADER = YES;
				CLANG_WARN_RANGE_LOOP_ANALYSIS = YES;
				CLANG_WARN_STRICT_PROTOTYPES = YES;
				CLANG_WARN_SUSPICIOUS_MOVE = YES;
				CLANG_WARN_UNGUARDED_AVAILABILITY = YES_AGGRESSIVE;
				CLANG_WARN_UNREACHABLE_CODE = YES;
				CLANG_WARN__DUPLICATE_METHOD_MATCH = YES;
				COPY_PHASE_STRIP = NO;
				DEBUG_INFORMATION_FORMAT = "dwarf-with-dsym";
				ENABLE_NS_ASSERTIONS = NO;
				ENABLE_STRICT_OBJC_MSGSEND = YES;
				ENABLE_USER_SCRIPT_SANDBOXING = YES;
				GCC_C_LANGUAGE_STANDARD = gnu17;
				GCC_NO_COMMON_BLOCKS = YES;
				GCC_WARN_64_TO_32_BIT_CONVERSION = YES;
				GCC_WARN_ABOUT_RETURN_TYPE = YES_ERROR;
				GCC_WARN_UNDECLARED_SELECTOR = YES;
				GCC_WARN_UNINITIALIZED_AUTOS = YES_AGGRESSIVE;
				GCC_WARN_UNUSED_FUNCTION = YES;
				GCC_WARN_UNUSED_VARIABLE = YES;
				IPHONEOS_DEPLOYMENT_TARGET = 18.2;
				LOCALIZATION_PREFERS_STRING_CATALOGS = YES;
				MTL_ENABLE_DEBUG_INFO = NO;
				MTL_FAST_MATH = YES;
				SDKROOT = iphoneos;
				SWIFT_COMPILATION_MODE = wholemodule;
				VALIDATE_PRODUCT = YES;
			};
			name = Release;
		};
/* End XCBuildConfiguration section */

/* Begin XCConfigurationList section */
		2ED768722F3AF769009D653B /* Build configuration list for PBXProject "UIElements_Practice" */ = {
			isa = XCConfigurationList;
			buildConfigurations = (
				2ED7688D2F3AF76B009D653B /* Debug */,
				2ED7688E2F3AF76B009D653B /* Release */,
			);
			defaultConfigurationIsVisible = 0;
			defaultConfigurationName = Release;
		};
		2ED7688A2F3AF76B009D653B /* Build configuration list for PBXNativeTarget "UIElements_Practice" */ = {
			isa = XCConfigurationList;
			buildConfigurations = (
				2ED7688B2F3AF76B009D653B /* Debug */,
				2ED7688C2F3AF76B009D653B /* Release */,
			);
			defaultConfigurationIsVisible = 0;
			defaultConfigurationName = Release;
		};
/* End XCConfigurationList section */
	};
	rootObject = 2ED7686F2F3AF769009D653B /* Project object */;
}
